
Microsoft Visual Studio Solution File, Format Version 12.00
# Visual Studio 15
VisualStudioVersion = 15.0.28307.329
MinimumVisualStudioVersion = 10.0.40219.1
Project("{FAE04EC0-301F-11D3-BF4B-00C04F79EFBC}") = "HaveIBeenPwned", "HaveIBeenPwned\HaveIBeenPwned.csproj", "{0C96309D-CC1B-489C-96AD-A504A195005B}"
EndProject
Project("{FAE04EC0-301F-11D3-BF4B-00C04F79EFBC}") = "HaveIBeenPwnedClientUnitTest", "HaveIBeenPwnedClientUnitTest\HaveIBeenPwnedClientUnitTest.csproj", "{164E5A33-E160-46B9-9E59-3958DCDE1942}"
EndProject
Global
	GlobalSection(SolutionConfigurationPlatforms) = preSolution
		Debug|Any CPU = Debug|Any CPU
		Release|Any CPU = Release|Any CPU
	EndGlobalSection
	GlobalSection(ProjectConfigurationPlatforms) = postSolution
		{0C96309D-CC1B-489C-96AD-A504A195005B}.Debug|Any CPU.ActiveCfg = Debug|Any CPU
		{0C96309D-CC1B-489C-96AD-A504A195005B}.Debug|Any CPU.Build.0 = Debug|Any CPU
		{0C96309D-CC1B-489C-96AD-A504A195005B}.Release|Any CPU.ActiveCfg = Release|Any CPU
		{0C96309D-CC1B-489C-96AD-A504A195005B}.Release|Any CPU.Build.0 = Release|Any CPU
		{164E5A33-E160-46B9-9E59-3958DCDE1942}.Debug|Any CPU.ActiveCfg = Debug|Any CPU
		{164E5A33-E160-46B9-9E59-3958DCDE1942}.Debug|Any CPU.Build.0 = Debug|Any CPU
		{164E5A33-E160-46B9-9E59-3958DCDE1942}.Release|Any CPU.ActiveCfg = Release|Any CPU
		{164E5A33-E160-46B9-9E59-3958DCDE1942}.Release|Any CPU.Build.0 = Release|Any CPU
	EndGlobalSection
	GlobalSection(SolutionProperties) = preSolution
		HideSolutionNode = FALSE
	EndGlobalSection
	GlobalSection(ExtensibilityGlobals) = postSolution
		SolutionGuid = {2F937019-4DE6-4B84-997C-085BDD802CCF}
	EndGlobalSection
EndGlobal
